# This file is automatically @generated by Cargo.
# It is not intended for manual editing.
version = 4

[[package]]
name = "m68k"
version = "0.12.1"
source = "registry+https://github.com/rust-lang/crates.io-index"
checksum = "d1e596886511cf8e15e844b7a2448874f91d288eb22370c5f200b8f5e9bdfa3c"

[[package]]
name = "machine-core"
version = "0.1.0"
dependencies = [
 "m68k",
]
